{
	"archiveVersion": "1",
	"classes": {},
	"objectVersion": "54",
	"objects": {
		"14E58C9C-7131-402B-80A8-301BC6547305": {
			"explicitFileType": "sourcecode.c.h",
			"fileEncoding": "4",
			"isa": "PBXFileReference",
			"name": "ofxInputField.h",
			"path": "../../../addons/ofxGui/src/ofxInputField.h",
			"sourceTree": "SOURCE_ROOT"
		},
		"191CD6FA2847E21E0085CBB6": {
			"fileEncoding": "4",
			"isa": "PBXFileReference",
			"lastKnownFileType": "text.plist.entitlements",
			"path": "of.entitlements",
			"sourceTree": "<group>"
		},
		"191EF70929D778A400F35F26": {
			"isa": "PBXFileReference",
			"lastKnownFileType": "folder",
			"name": "openFrameworks",
			"path": "../../../libs/openFrameworks",
			"sourceTree": "SOURCE_ROOT"
		},
		"19B789C429E5AB4A0082E9B8": {
			"buildActionMask": "2147483647",
			"files": [],
			"inputFileListPaths": [],
			"inputPaths": [],
			"isa": "PBXShellScriptBuildPhase",
			"outputFileListPaths": [],
			"outputPaths": [],
			"runOnlyForDeploymentPostprocessing": "0",
			"shellPath": "/bin/sh",
			"shellScript": "\"$OF_PATH/scripts/osx/xcode_project.sh\"\n",
			"showEnvVarsInLog": "0"
		},
		"28C2960A-49F2-4938-8F53-AE393FE0B72F": {
			"explicitFileType": "sourcecode.cpp.cpp",
			"fileEncoding": "4",
			"isa": "PBXFileReference",
			"name": "ofxInputField.cpp",
			"path": "../../../addons/ofxGui/src/ofxInputField.cpp",
			"sourceTree": "SOURCE_ROOT"
		},
		"29BA3CAB-7A42-48AF-B528-0E0D51010B3D": {
			"fileRef": "E479CBD1-A447-4C79-AADC-0D15339A3AFB",
			"isa": "PBXBuildFile"
		},
		"2B714800-94E9-49DD-90CB-B3DC69942FA6": {
			"explicitFileType": "sourcecode.cpp.cpp",
			"fileEncoding": "4",
			"isa": "PBXFileReference",
			"name": "ofxSlider.cpp",
			"path": "../../../addons/ofxGui/src/ofxSlider.cpp",
			"sourceTree": "SOURCE_ROOT"
		},
		"35927DF8-C52E-4D24-AD45-894CED11DBAF": {
			"explicitFileType": "sourcecode.c.h",
			"fileEncoding": "4",
			"isa": "PBXFileReference",
			"name": "ofxGuiGroup.h",
			"path": "../../../addons/ofxGui/src/ofxGuiGroup.h",
			"sourceTree": "SOURCE_ROOT"
		},
		"435B765B-7336-4C9C-9EF4-FFD6D25A62F6": {
			"explicitFileType": "sourcecode.c.h",
			"fileEncoding": "4",
			"isa": "PBXFileReference",
			"name": "ofxSliderGroup.h",
			"path": "../../../addons/ofxGui/src/ofxSliderGroup.h",
			"sourceTree": "SOURCE_ROOT"
		},
		"4E0B219B-63E2-4AF5-BDAC-6DF8477BFA7E": {
			"fileRef": "F1991042-6AC3-4B2A-A411-2C0339EEA4E3",
			"isa": "PBXBuildFile"
		},
		"638FA70C-1268-4D0A-94CF-737D541A7BBB": {
			"explicitFileType": "sourcecode.c.h",
			"fileEncoding": "4",
			"isa": "PBXFileReference",
			"name": "ofxColorPicker.h",
			"path": "../../../addons/ofxGui/src/ofxColorPicker.h",
			"sourceTree": "SOURCE_ROOT"
		},
		"63D603F7-8B7E-47D7-9743-7AA51B6B3FCD": {
			"fileRef": "C269AA9F-D508-4C97-8929-BED5AE07A86D",
			"isa": "PBXBuildFile"
		},
		"69EB21BB-14D8-41A8-8A01-E65EA31EFA06": {
			"fileRef": "7AB1B963-63C6-4F5B-9761-161259BD3B09",
			"isa": "PBXBuildFile"
		},
		"6ED3C66F-6648-4640-B063-9623B9F50BFB": {
			"explicitFileType": "sourcecode.cpp.cpp",
			"fileEncoding": "4",
			"isa": "PBXFileReference",
			"name": "ofxLabel.cpp",
			"path": "../../../addons/ofxGui/src/ofxLabel.cpp",
			"sourceTree": "SOURCE_ROOT"
		},
		"7AB1B963-63C6-4F5B-9761-161259BD3B09": {
			"explicitFileType": "sourcecode.cpp.cpp",
			"fileEncoding": "4",
			"isa": "PBXFileReference",
			"name": "ofxBaseGui.cpp",
			"path": "../../../addons/ofxGui/src/ofxBaseGui.cpp",
			"sourceTree": "SOURCE_ROOT"
		},
		"8A6AA07C-983F-424E-A910-4F67169F6B38": {
			"explicitFileType": "sourcecode.c.h",
			"fileEncoding": "4",
			"isa": "PBXFileReference",
			"name": "ofxGui.h",
			"path": "../../../addons/ofxGui/src/ofxGui.h",
			"sourceTree": "SOURCE_ROOT"
		},
		"8C05CEA6-ABC5-4F24-9C7D-73CA66EAE0CF": {
			"fileRef": "D0A252DB-7128-4BD9-A8A2-52CD0B7BACB9",
			"isa": "PBXBuildFile"
		},
		"959BADD8-F56E-4533-936E-386B4601BC48": {
			"children": [
				"C79BCE17-AA93-46A0-914C-A7BA2AD16879"
			],
			"isa": "PBXGroup",
			"name": "ofxGui",
			"path": "../../../addons/ofxGui",
			"sourceTree": "SOURCE_ROOT"
		},
		"A124584D-14FE-46C4-9E81-732EE37E1A40": {
			"explicitFileType": "sourcecode.cpp.cpp",
			"fileEncoding": "4",
			"isa": "PBXFileReference",
			"name": "ofxToggle.cpp",
			"path": "../../../addons/ofxGui/src/ofxToggle.cpp",
			"sourceTree": "SOURCE_ROOT"
		},
		"A488AEB2-8A3D-446C-82DE-F28CE78C1582": {
			"explicitFileType": "sourcecode.c.h",
			"fileEncoding": "4",
			"isa": "PBXFileReference",
			"name": "ofxLabel.h",
			"path": "../../../addons/ofxGui/src/ofxLabel.h",
			"sourceTree": "SOURCE_ROOT"
		},
		"AACED9AE-162F-421A-8405-73A5238D95DF": {
			"explicitFileType": "sourcecode.cpp.cpp",
			"fileEncoding": "4",
			"isa": "PBXFileReference",
			"name": "ofxPanel.cpp",
			"path": "../../../addons/ofxGui/src/ofxPanel.cpp",
			"sourceTree": "SOURCE_ROOT"
		},
		"BB4B014C10F69532006C3DED": {
			"children": [
				"959BADD8-F56E-4533-936E-386B4601BC48"
			],
			"isa": "PBXGroup",
			"name": "addons",
			"path": "../../../addons",
			"sourceTree": "<group>"
		},
		"BBA8CB54-AF47-4821-A838-D3B0519AB466": {
			"explicitFileType": "sourcecode.c.h",
			"fileEncoding": "4",
			"isa": "PBXFileReference",
			"name": "ofxToggle.h",
			"path": "../../../addons/ofxGui/src/ofxToggle.h",
			"sourceTree": "SOURCE_ROOT"
		},
		"C269AA9F-D508-4C97-8929-BED5AE07A86D": {
			"explicitFileType": "sourcecode.cpp.cpp",
			"fileEncoding": "4",
			"isa": "PBXFileReference",
			"name": "ofxGuiGroup.cpp",
			"path": "../../../addons/ofxGui/src/ofxGuiGroup.cpp",
			"sourceTree": "SOURCE_ROOT"
		},
		"C5F85130-DFA2-4436-AB0F-7C60F795CA7B": {
			"explicitFileType": "sourcecode.c.h",
			"fileEncoding": "4",
			"isa": "PBXFileReference",
			"name": "ofxGuiUtils.h",
			"path": "../../../addons/ofxGui/src/ofxGuiUtils.h",
			"sourceTree": "SOURCE_ROOT"
		},
		"C79BCE17-AA93-46A0-914C-A7BA2AD16879": {
			"children": [
				"7AB1B963-63C6-4F5B-9761-161259BD3B09",
				"F38263FF-04C9-4AB6-8AE2-DDF8784D9CA1",
				"F1991042-6AC3-4B2A-A411-2C0339EEA4E3",
				"FCE4C59A-EE97-45F3-8C07-BE3A1AAF5C8D",
				"D0A252DB-7128-4BD9-A8A2-52CD0B7BACB9",
				"638FA70C-1268-4D0A-94CF-737D541A7BBB",
				"8A6AA07C-983F-424E-A910-4F67169F6B38",
				"C269AA9F-D508-4C97-8929-BED5AE07A86D",
				"35927DF8-C52E-4D24-AD45-894CED11DBAF",
				"C5F85130-DFA2-4436-AB0F-7C60F795CA7B",
				"28C2960A-49F2-4938-8F53-AE393FE0B72F",
				"14E58C9C-7131-402B-80A8-301BC6547305",
				"6ED3C66F-6648-4640-B063-9623B9F50BFB",
				"A488AEB2-8A3D-446C-82DE-F28CE78C1582",
				"AACED9AE-162F-421A-8405-73A5238D95DF",
				"F7A54E33-95C9-4DCA-9AC5-7295BD63DBB0",
				"2B714800-94E9-49DD-90CB-B3DC69942FA6",
				"E105028D-44E0-4A05-9B36-F2EEF655804A",
				"E479CBD1-A447-4C79-AADC-0D15339A3AFB",
				"435B765B-7336-4C9C-9EF4-FFD6D25A62F6",
				"A124584D-14FE-46C4-9E81-732EE37E1A40",
				"BBA8CB54-AF47-4821-A838-D3B0519AB466"
			],
			"isa": "PBXGroup",
			"name": "src",
			"path": "../../../addons/ofxGui/src",
			"sourceTree": "SOURCE_ROOT"
		},
		"C9AA2B32-A368-497D-8958-DEAD7225D04D": {
			"fileRef": "28C2960A-49F2-4938-8F53-AE393FE0B72F",
			"isa": "PBXBuildFile"
		},
		"D0A252DB-7128-4BD9-A8A2-52CD0B7BACB9": {
			"explicitFileType": "sourcecode.cpp.cpp",
			"fileEncoding": "4",
			"isa": "PBXFileReference",
			"name": "ofxColorPicker.cpp",
			"path": "../../../addons/ofxGui/src/ofxColorPicker.cpp",
			"sourceTree": "SOURCE_ROOT"
		},
		"D866EEE5-E79E-4BD9-8A01-E1B93E3222C7": {
			"fileRef": "2B714800-94E9-49DD-90CB-B3DC69942FA6",
			"isa": "PBXBuildFile"
		},
		"E105028D-44E0-4A05-9B36-F2EEF655804A": {
			"explicitFileType": "sourcecode.c.h",
			"fileEncoding": "4",
			"isa": "PBXFileReference",
			"name": "ofxSlider.h",
			"path": "../../../addons/ofxGui/src/ofxSlider.h",
			"sourceTree": "SOURCE_ROOT"
		},
		"E42962A92163ECCD00A6A9E2": {
			"alwaysOutOfDate": "1",
			"buildActionMask": "2147483647",
			"files": [],
			"inputPaths": [],
			"isa": "PBXShellScriptBuildPhase",
			"name": "Run Script — Compile OF",
			"outputPaths": [],
			"runOnlyForDeploymentPostprocessing": "0",
			"shellPath": "/bin/sh",
			"shellScript": "echo \"💾 Compiling Openframeworks\"\nxcodebuild -project \"$OF_PATH/libs/openFrameworksCompiled/project/osx/openFrameworksLib.xcodeproj\" -target openFrameworks -configuration \"${CONFIGURATION}\"  CLANG_CXX_LANGUAGE_STANDARD=$CLANG_CXX_LANGUAGE_STANDARD MACOSX_DEPLOYMENT_TARGET=$MACOSX_DEPLOYMENT_TARGET GCC_PREPROCESSOR_DEFINITIONS=$USER_PREPROCESSOR_DEFINITIONS\n",
			"showEnvVarsInLog": "0"
		},
		"E479CBD1-A447-4C79-AADC-0D15339A3AFB": {
			"explicitFileType": "sourcecode.cpp.cpp",
			"fileEncoding": "4",
			"isa": "PBXFileReference",
			"name": "ofxSliderGroup.cpp",
			"path": "../../../addons/ofxGui/src/ofxSliderGroup.cpp",
			"sourceTree": "SOURCE_ROOT"
		},
		"E4A5B60F29BAAAE400C2D356": {
			"buildActionMask": "2147483647",
			"dstPath": "",
			"dstSubfolderSpec": "6",
			"files": [],
			"isa": "PBXCopyFilesBuildPhase",
			"runOnlyForDeploymentPostprocessing": "0"
		},
		"E4B69B4A0A3A1720003C02F2": {
			"children": [
				"191CD6FA2847E21E0085CBB6",
				"E4B6FCAD0C3E899E008CF71C",
				"E4EB6923138AFD0F00A09F29",
				"E4B69E1C0A3A1BDC003C02F2",
				"191EF70929D778A400F35F26",
				"BB4B014C10F69532006C3DED",
				"E4B69B5B0A3A1756003C02F2"
			],
			"isa": "PBXGroup",
			"sourceTree": "<group>"
		},
		"E4B69B4C0A3A1720003C02F2": {
			"attributes": {
				"LastUpgradeCheck": "0600"
			},
			"buildConfigurationList": "E4B69B4D0A3A1720003C02F2",
			"compatibilityVersion": "Xcode 3.2",
			"developmentRegion": "en",
			"hasScannedForEncodings": "0",
			"isa": "PBXProject",
			"knownRegions": [
				"en",
				"Base"
			],
			"mainGroup": "E4B69B4A0A3A1720003C02F2",
			"productRefGroup": "E4B69B4A0A3A1720003C02F2",
			"projectDirPath": "",
			"projectRoot": "",
			"targets": [
				"E4B69B5A0A3A1756003C02F2"
			]
		},
		"E4B69B4D0A3A1720003C02F2": {
			"buildConfigurations": [
				"E4B69B4E0A3A1720003C02F2",
				"E4B69B4F0A3A1720003C02F2"
			],
			"defaultConfigurationIsVisible": "0",
			"defaultConfigurationName": "Release",
			"isa": "XCConfigurationList"
		},
		"E4B69B4E0A3A1720003C02F2": {
			"baseConfigurationReference": "E4EB6923138AFD0F00A09F29",
			"buildSettings": {
				"CODE_SIGN_ENTITLEMENTS": "of.entitlements",
				"COPY_PHASE_STRIP": "NO",
				"ENABLE_TESTABILITY": "YES",
				"GCC_OPTIMIZATION_LEVEL": "0",
				"GCC_WARN_UNUSED_VARIABLE": "NO",
				"HEADER_SEARCH_PATHS": [
					"$(OF_CORE_HEADERS)",
					"src"
				],
				"OTHER_CPLUSPLUSFLAGS": "-D__MACOSX_CORE__"
			},
			"isa": "XCBuildConfiguration",
			"name": "Debug"
		},
		"E4B69B4F0A3A1720003C02F2": {
			"baseConfigurationReference": "E4EB6923138AFD0F00A09F29",
			"buildSettings": {
				"CODE_SIGN_ENTITLEMENTS": "of.entitlements",
				"COPY_PHASE_STRIP": "YES",
				"GCC_OPTIMIZATION_LEVEL": "3",
				"GCC_UNROLL_LOOPS": "YES",
				"HEADER_SEARCH_PATHS": [
					"$(OF_CORE_HEADERS)",
					"src"
				],
				"OTHER_CPLUSPLUSFLAGS": "-D__MACOSX_CORE__"
			},
			"isa": "XCBuildConfiguration",
			"name": "Release"
		},
		"E4B69B580A3A1756003C02F2": {
			"buildActionMask": "2147483647",
			"files": [
				"E4B69E200A3A1BDC003C02F2",
				"E4B69E210A3A1BDC003C02F2",
				"69EB21BB-14D8-41A8-8A01-E65EA31EFA06",
				"4E0B219B-63E2-4AF5-BDAC-6DF8477BFA7E",
				"8C05CEA6-ABC5-4F24-9C7D-73CA66EAE0CF",
				"63D603F7-8B7E-47D7-9743-7AA51B6B3FCD",
				"C9AA2B32-A368-497D-8958-DEAD7225D04D",
				"F5FAE987-DEC8-4B50-B317-827DC41892B0",
				"EC9CCD7B-5D38-45D5-A3B3-0A72E5B6B381",
				"D866EEE5-E79E-4BD9-8A01-E1B93E3222C7",
				"29BA3CAB-7A42-48AF-B528-0E0D51010B3D",
				"F6AE962C-B999-4314-A1E4-172D21EF6C8C"
			],
			"isa": "PBXSourcesBuildPhase",
			"runOnlyForDeploymentPostprocessing": "0"
		},
		"E4B69B590A3A1756003C02F2": {
			"buildActionMask": "2147483647",
			"files": [],
			"isa": "PBXFrameworksBuildPhase",
			"runOnlyForDeploymentPostprocessing": "0"
		},
		"E4B69B5A0A3A1756003C02F2": {
			"buildConfigurationList": "E4B69B5F0A3A1757003C02F2",
			"buildPhases": [
				"E42962A92163ECCD00A6A9E2",
				"E4B69B580A3A1756003C02F2",
				"E4B69B590A3A1756003C02F2",
				"E4C2427710CC5ABF004149E2",
				"E4A5B60F29BAAAE400C2D356",
				"19B789C429E5AB4A0082E9B8"
			],
			"buildRules": [],
			"dependencies": [],
			"isa": "PBXNativeTarget",
			"name": "20240610",
			"productName": "myOFApp",
			"productReference": "E4B69B5B0A3A1756003C02F2",
			"productType": "com.apple.product-type.application"
		},
		"E4B69B5B0A3A1756003C02F2": {
			"explicitFileType": "wrapper.application",
			"includeInIndex": "0",
			"isa": "PBXFileReference",
			"path": "20240610Debug.app",
			"sourceTree": "BUILT_PRODUCTS_DIR"
		},
		"E4B69B5F0A3A1757003C02F2": {
			"buildConfigurations": [
				"E4B69B600A3A1757003C02F2",
				"E4B69B610A3A1757003C02F2"
			],
			"defaultConfigurationIsVisible": "0",
			"defaultConfigurationName": "Release",
			"isa": "XCConfigurationList"
		},
		"E4B69B600A3A1757003C02F2": {
			"baseConfigurationReference": "E4EB6923138AFD0F00A09F29",
			"buildSettings": {
				"ARCHS": "$(ARCHS_STANDARD)",
				"COPY_PHASE_STRIP": "NO",
				"FRAMEWORK_SEARCH_PATHS": "$(inherited)",
				"GCC_DYNAMIC_NO_PIC": "NO",
				"HEADER_SEARCH_PATHS": [
					"$(OF_CORE_HEADERS)",
					"src",
					"src",
					"../../../addons/ofxGui/src"
				],
				"LIBRARY_SEARCH_PATHS": "$(inherited)",
				"OTHER_LDFLAGS": [
					"$(OF_CORE_LIBS)",
					"$(OF_CORE_FRAMEWORKS)",
					"$(LIB_OF_DEBUG)"
				]
			},
			"isa": "XCBuildConfiguration",
			"name": "Debug"
		},
		"E4B69B610A3A1757003C02F2": {
			"baseConfigurationReference": "E4EB6923138AFD0F00A09F29",
			"buildSettings": {
				"ARCHS": "$(ARCHS_STANDARD)",
				"COPY_PHASE_STRIP": "YES",
				"FRAMEWORK_SEARCH_PATHS": "$(inherited)",
				"HEADER_SEARCH_PATHS": [
					"$(OF_CORE_HEADERS)",
					"src",
					"src",
					"../../../addons/ofxGui/src"
				],
				"LIBRARY_SEARCH_PATHS": "$(inherited)",
				"OTHER_LDFLAGS": [
					"$(OF_CORE_LIBS)",
					"$(OF_CORE_FRAMEWORKS)",
					"$(LIB_OF)"
				],
				"baseConfigurationReference": "E4EB6923138AFD0F00A09F29"
			},
			"isa": "XCBuildConfiguration",
			"name": "Release"
		},
		"E4B69E1C0A3A1BDC003C02F2": {
			"children": [
				"E4B69E1D0A3A1BDC003C02F2",
				"E4B69E1E0A3A1BDC003C02F2",
				"E4B69E1F0A3A1BDC003C02F2"
			],
			"isa": "PBXGroup",
			"path": "src",
			"sourceTree": "SOURCE_ROOT"
		},
		"E4B69E1D0A3A1BDC003C02F2": {
			"fileEncoding": "4",
			"isa": "PBXFileReference",
			"lastKnownFileType": "sourcecode.cpp.cpp",
			"name": "main.cpp",
			"path": "src/main.cpp",
			"sourceTree": "SOURCE_ROOT"
		},
		"E4B69E1E0A3A1BDC003C02F2": {
			"explicitFileType": "sourcecode.cpp.cpp",
			"fileEncoding": "4",
			"isa": "PBXFileReference",
			"name": "ofApp.cpp",
			"path": "src/ofApp.cpp",
			"sourceTree": "SOURCE_ROOT"
		},
		"E4B69E1F0A3A1BDC003C02F2": {
			"fileEncoding": "4",
			"isa": "PBXFileReference",
			"lastKnownFileType": "sourcecode.c.h",
			"name": "ofApp.h",
			"path": "src/ofApp.h",
			"sourceTree": "SOURCE_ROOT"
		},
		"E4B69E200A3A1BDC003C02F2": {
			"fileRef": "E4B69E1D0A3A1BDC003C02F2",
			"isa": "PBXBuildFile"
		},
		"E4B69E210A3A1BDC003C02F2": {
			"fileRef": "E4B69E1E0A3A1BDC003C02F2",
			"isa": "PBXBuildFile"
		},
		"E4B6FCAD0C3E899E008CF71C": {
			"fileEncoding": "4",
			"isa": "PBXFileReference",
			"lastKnownFileType": "text.plist.xml",
			"path": "openFrameworks-Info.plist",
			"sourceTree": "<group>"
		},
		"E4C2427710CC5ABF004149E2": {
			"buildActionMask": "2147483647",
			"dstPath": "",
			"dstSubfolderSpec": "10",
			"files": [],
			"isa": "PBXCopyFilesBuildPhase",
			"runOnlyForDeploymentPostprocessing": "0"
		},
		"E4EB6923138AFD0F00A09F29": {
			"fileEncoding": "4",
			"isa": "PBXFileReference",
			"lastKnownFileType": "text.xcconfig",
			"path": "Project.xcconfig",
			"sourceTree": "<group>"
		},
		"EC9CCD7B-5D38-45D5-A3B3-0A72E5B6B381": {
			"fileRef": "AACED9AE-162F-421A-8405-73A5238D95DF",
			"isa": "PBXBuildFile"
		},
		"F1991042-6AC3-4B2A-A411-2C0339EEA4E3": {
			"explicitFileType": "sourcecode.cpp.cpp",
			"fileEncoding": "4",
			"isa": "PBXFileReference",
			"name": "ofxButton.cpp",
			"path": "../../../addons/ofxGui/src/ofxButton.cpp",
			"sourceTree": "SOURCE_ROOT"
		},
		"F38263FF-04C9-4AB6-8AE2-DDF8784D9CA1": {
			"explicitFileType": "sourcecode.c.h",
			"fileEncoding": "4",
			"isa": "PBXFileReference",
			"name": "ofxBaseGui.h",
			"path": "../../../addons/ofxGui/src/ofxBaseGui.h",
			"sourceTree": "SOURCE_ROOT"
		},
		"F5FAE987-DEC8-4B50-B317-827DC41892B0": {
			"fileRef": "6ED3C66F-6648-4640-B063-9623B9F50BFB",
			"isa": "PBXBuildFile"
		},
		"F6AE962C-B999-4314-A1E4-172D21EF6C8C": {
			"fileRef": "A124584D-14FE-46C4-9E81-732EE37E1A40",
			"isa": "PBXBuildFile"
		},
		"F7A54E33-95C9-4DCA-9AC5-7295BD63DBB0": {
			"explicitFileType": "sourcecode.c.h",
			"fileEncoding": "4",
			"isa": "PBXFileReference",
			"name": "ofxPanel.h",
			"path": "../../../addons/ofxGui/src/ofxPanel.h",
			"sourceTree": "SOURCE_ROOT"
		},
		"FCE4C59A-EE97-45F3-8C07-BE3A1AAF5C8D": {
			"explicitFileType": "sourcecode.c.h",
			"fileEncoding": "4",
			"isa": "PBXFileReference",
			"name": "ofxButton.h",
			"path": "../../../addons/ofxGui/src/ofxButton.h",
			"sourceTree": "SOURCE_ROOT"
		}
	},
	"openFrameworksProjectGeneratorVersion": "21",
	"rootObject": "E4B69B4C0A3A1720003C02F2"
}